prepare:
  cmd: ./convert_imgs.sh && python3 prepare.py
  deps:
  - path: data/raw
    md5: 59e39f5e68f506f62dd2f636e52567e2.dir
    size: 7058178233
    nfiles: 2934
  outs:
  - path: data/test
    md5: 8fac2ca3f308120b4a120dc7d5f14681.dir
    size: 2530214
    nfiles: 50
  - path: data/train
    md5: b97182df8b37a118aacad09f1e8bb196.dir
    size: 137726250
    nfiles: 2880
train:
  cmd: python3 train.py
  deps:
  - path: data/test
    md5: 8fac2ca3f308120b4a120dc7d5f14681.dir
    size: 2530214
    nfiles: 50
  - path: data/train
    md5: b97182df8b37a118aacad09f1e8bb196.dir
    size: 137726250
    nfiles: 2880
  outs:
  - path: log/models
    md5: 90d416f72fd4b13acaa605de8c779f17.dir
    size: 759254428
    nfiles: 3
test:
  cmd: python3 test.py
  deps:
  - path: log/models
    md5: 77600068af5b4674170192de40cdde97.dir
    size: 2277760116
    nfiles: 9
  outs:
  - path: data/metrics.json
    md5: 8a05224cbdc33c58f00dd452b6d96781
    size: 191
  - path: data/plots.json
    md5: dc8779105883fb26a4e2700cdd49448b
    size: 7104
